// !$*UTF8*$!
{
	archiveVersion = 1;
	classes = {
	};
	objectVersion = 56;
	objects = {

/* Begin PBXBuildFile section */
		3A477A092CA9B62E00F2762D /* ArquitecturaApp.swift in Sources */ = {isa = PBXBuildFile; fileRef = 3A477A082CA9B62E00F2762D /* ArquitecturaApp.swift */; };
		3A477A0D2CA9B63200F2762D /* Assets.xcassets in Resources */ = {isa = PBXBuildFile; fileRef = 3A477A0C2CA9B63200F2762D /* Assets.xcassets */; };
		3A477A102CA9B63200F2762D /* Preview Assets.xcassets in Resources */ = {isa = PBXBuildFile; fileRef = 3A477A0F2CA9B63200F2762D /* Preview Assets.xcassets */; };
		3A477A1A2CA9B75400F2762D /* ListAssembler.swift in Sources */ = {isa = PBXBuildFile; fileRef = 3A477A192CA9B75400F2762D /* ListAssembler.swift */; };
		3A50FD962CAAB53F00F0E531 /* ListView.swift in Sources */ = {isa = PBXBuildFile; fileRef = 3A50FD952CAAB53F00F0E531 /* ListView.swift */; };
		3A50FD982CAAB57300F0E531 /* ListViewModel.swift in Sources */ = {isa = PBXBuildFile; fileRef = 3A50FD972CAAB57300F0E531 /* ListViewModel.swift */; };
		3A50FD9A2CAAB5DA00F0E531 /* ListUseCaseImpl.swift in Sources */ = {isa = PBXBuildFile; fileRef = 3A50FD992CAAB5DA00F0E531 /* ListUseCaseImpl.swift */; };
		3A50FD9C2CAAB5EA00F0E531 /* ListRouter.swift in Sources */ = {isa = PBXBuildFile; fileRef = 3A50FD9B2CAAB5EA00F0E531 /* ListRouter.swift */; };
		3A50FD9E2CAABC5000F0E531 /* ListRepositoryImpl.swift in Sources */ = {isa = PBXBuildFile; fileRef = 3A50FD9D2CAABC5000F0E531 /* ListRepositoryImpl.swift */; };
		3A50FDA02CAABCCA00F0E531 /* ListItem.swift in Sources */ = {isa = PBXBuildFile; fileRef = 3A50FD9F2CAABCCA00F0E531 /* ListItem.swift */; };
		3A50FDA22CAAC37000F0E531 /* ListRemoteDatasource.swift in Sources */ = {isa = PBXBuildFile; fileRef = 3A50FDA12CAAC37000F0E531 /* ListRemoteDatasource.swift */; };
		3A50FDA42CAAC41500F0E531 /* ListLocalDatasource.swift in Sources */ = {isa = PBXBuildFile; fileRef = 3A50FDA32CAAC41500F0E531 /* ListLocalDatasource.swift */; };
		3A50FDA62CAAC42200F0E531 /* ListDatasource.swift in Sources */ = {isa = PBXBuildFile; fileRef = 3A50FDA52CAAC42200F0E531 /* ListDatasource.swift */; };
		3A50FDA82CAAC5C700F0E531 /* ListState.swift in Sources */ = {isa = PBXBuildFile; fileRef = 3A50FDA72CAAC5C700F0E531 /* ListState.swift */; };
		3A50FDAA2CAAC8A400F0E531 /* ListContentView.swift in Sources */ = {isa = PBXBuildFile; fileRef = 3A50FDA92CAAC8A400F0E531 /* ListContentView.swift */; };
		3A50FDAC2CAACC4000F0E531 /* Endpoints.swift in Sources */ = {isa = PBXBuildFile; fileRef = 3A50FDAB2CAACC4000F0E531 /* Endpoints.swift */; };
		3A50FDAF2CAACCD200F0E531 /* APIClient.swift in Sources */ = {isa = PBXBuildFile; fileRef = 3A50FDAE2CAACCD200F0E531 /* APIClient.swift */; };
		3A50FDB12CAACD0D00F0E531 /* APIError.swift in Sources */ = {isa = PBXBuildFile; fileRef = 3A50FDB02CAACD0D00F0E531 /* APIError.swift */; };
		3A50FDB32CAACD8100F0E531 /* APIResponse.swift in Sources */ = {isa = PBXBuildFile; fileRef = 3A50FDB22CAACD8100F0E531 /* APIResponse.swift */; };
		3A50FDB52CAACE4200F0E531 /* ListItemDTO.swift in Sources */ = {isa = PBXBuildFile; fileRef = 3A50FDB42CAACE4200F0E531 /* ListItemDTO.swift */; };
		3A50FDB72CAACEC100F0E531 /* ListMapperDTO.swift in Sources */ = {isa = PBXBuildFile; fileRef = 3A50FDB62CAACEC100F0E531 /* ListMapperDTO.swift */; };
		3A50FDB92CAAD97C00F0E531 /* ListURLComponentsCreator.swift in Sources */ = {isa = PBXBuildFile; fileRef = 3A50FDB82CAAD97C00F0E531 /* ListURLComponentsCreator.swift */; };
		3A50FDBB2CAAD9A700F0E531 /* QueryCreatorType.swift in Sources */ = {isa = PBXBuildFile; fileRef = 3A50FDBA2CAAD9A700F0E531 /* QueryCreatorType.swift */; };
		3A50FDBD2CAADA0100F0E531 /* Credentials.swift in Sources */ = {isa = PBXBuildFile; fileRef = 3A50FDBC2CAADA0100F0E531 /* Credentials.swift */; };
		3A50FDC02CAADA4E00F0E531 /* AppPlist.swift in Sources */ = {isa = PBXBuildFile; fileRef = 3A50FDBF2CAADA4E00F0E531 /* AppPlist.swift */; };
		3A50FDC22CAADA8800F0E531 /* PlistAssembler.swift in Sources */ = {isa = PBXBuildFile; fileRef = 3A50FDC12CAADA8800F0E531 /* PlistAssembler.swift */; };
		3A50FDC42CAADADE00F0E531 /* URLRequestHeader.swift in Sources */ = {isa = PBXBuildFile; fileRef = 3A50FDC32CAADADE00F0E531 /* URLRequestHeader.swift */; };
		3A50FDC62CAADB5500F0E531 /* AppVersionHeader.swift in Sources */ = {isa = PBXBuildFile; fileRef = 3A50FDC52CAADB5500F0E531 /* AppVersionHeader.swift */; };
		3A50FDC82CAADB8E00F0E531 /* BasicAuthHeader.swift in Sources */ = {isa = PBXBuildFile; fileRef = 3A50FDC72CAADB8E00F0E531 /* BasicAuthHeader.swift */; };
		3A50FDCB2CAADD2A00F0E531 /* ListDataSourceParams.swift in Sources */ = {isa = PBXBuildFile; fileRef = 3A50FDCA2CAADD2A00F0E531 /* ListDataSourceParams.swift */; };
		3A50FDCE2CAAF12700F0E531 /* ListMockDTO.swift in Sources */ = {isa = PBXBuildFile; fileRef = 3A50FDCD2CAAF12700F0E531 /* ListMockDTO.swift */; };
		B77FBD872CBA6803000447A8 /* ListRepository.swift in Sources */ = {isa = PBXBuildFile; fileRef = B77FBD862CBA67FB000447A8 /* ListRepository.swift */; };
		B77FBD8F2CBA71EC000447A8 /* ListUseCase.swift in Sources */ = {isa = PBXBuildFile; fileRef = B77FBD8E2CBA71E6000447A8 /* ListUseCase.swift */; };
/* End PBXBuildFile section */

/* Begin PBXFileReference section */
		3A477A052CA9B62E00F2762D /* Arquitectura.app */ = {isa = PBXFileReference; explicitFileType = wrapper.application; includeInIndex = 0; path = Arquitectura.app; sourceTree = BUILT_PRODUCTS_DIR; };
		3A477A082CA9B62E00F2762D /* ArquitecturaApp.swift */ = {isa = PBXFileReference; lastKnownFileType = sourcecode.swift; path = ArquitecturaApp.swift; sourceTree = "<group>"; };
		3A477A0C2CA9B63200F2762D /* Assets.xcassets */ = {isa = PBXFileReference; lastKnownFileType = folder.assetcatalog; path = Assets.xcassets; sourceTree = "<group>"; };
		3A477A0F2CA9B63200F2762D /* Preview Assets.xcassets */ = {isa = PBXFileReference; lastKnownFileType = folder.assetcatalog; path = "Preview Assets.xcassets"; sourceTree = "<group>"; };
		3A477A192CA9B75400F2762D /* ListAssembler.swift */ = {isa = PBXFileReference; lastKnownFileType = sourcecode.swift; path = ListAssembler.swift; sourceTree = "<group>"; };
		3A50FD952CAAB53F00F0E531 /* ListView.swift */ = {isa = PBXFileReference; lastKnownFileType = sourcecode.swift; path = ListView.swift; sourceTree = "<group>"; };
		3A50FD972CAAB57300F0E531 /* ListViewModel.swift */ = {isa = PBXFileReference; lastKnownFileType = sourcecode.swift; path = ListViewModel.swift; sourceTree = "<group>"; };
		3A50FD992CAAB5DA00F0E531 /* ListUseCaseImpl.swift */ = {isa = PBXFileReference; lastKnownFileType = sourcecode.swift; path = ListUseCaseImpl.swift; sourceTree = "<group>"; };
		3A50FD9B2CAAB5EA00F0E531 /* ListRouter.swift */ = {isa = PBXFileReference; lastKnownFileType = sourcecode.swift; path = ListRouter.swift; sourceTree = "<group>"; };
		3A50FD9D2CAABC5000F0E531 /* ListRepositoryImpl.swift */ = {isa = PBXFileReference; lastKnownFileType = sourcecode.swift; path = ListRepositoryImpl.swift; sourceTree = "<group>"; };
		3A50FD9F2CAABCCA00F0E531 /* ListItem.swift */ = {isa = PBXFileReference; lastKnownFileType = sourcecode.swift; path = ListItem.swift; sourceTree = "<group>"; };
		3A50FDA12CAAC37000F0E531 /* ListRemoteDatasource.swift */ = {isa = PBXFileReference; lastKnownFileType = sourcecode.swift; path = ListRemoteDatasource.swift; sourceTree = "<group>"; };
		3A50FDA32CAAC41500F0E531 /* ListLocalDatasource.swift */ = {isa = PBXFileReference; lastKnownFileType = sourcecode.swift; path = ListLocalDatasource.swift; sourceTree = "<group>"; };
		3A50FDA52CAAC42200F0E531 /* ListDatasource.swift */ = {isa = PBXFileReference; lastKnownFileType = sourcecode.swift; path = ListDatasource.swift; sourceTree = "<group>"; };
		3A50FDA72CAAC5C700F0E531 /* ListState.swift */ = {isa = PBXFileReference; lastKnownFileType = sourcecode.swift; path = ListState.swift; sourceTree = "<group>"; };
		3A50FDA92CAAC8A400F0E531 /* ListContentView.swift */ = {isa = PBXFileReference; lastKnownFileType = sourcecode.swift; path = ListContentView.swift; sourceTree = "<group>"; };
		3A50FDAB2CAACC4000F0E531 /* Endpoints.swift */ = {isa = PBXFileReference; lastKnownFileType = sourcecode.swift; path = Endpoints.swift; sourceTree = "<group>"; };
		3A50FDAE2CAACCD200F0E531 /* APIClient.swift */ = {isa = PBXFileReference; lastKnownFileType = sourcecode.swift; path = APIClient.swift; sourceTree = "<group>"; };
		3A50FDB02CAACD0D00F0E531 /* APIError.swift */ = {isa = PBXFileReference; lastKnownFileType = sourcecode.swift; path = APIError.swift; sourceTree = "<group>"; };
		3A50FDB22CAACD8100F0E531 /* APIResponse.swift */ = {isa = PBXFileReference; lastKnownFileType = sourcecode.swift; path = APIResponse.swift; sourceTree = "<group>"; };
		3A50FDB42CAACE4200F0E531 /* ListItemDTO.swift */ = {isa = PBXFileReference; lastKnownFileType = sourcecode.swift; path = ListItemDTO.swift; sourceTree = "<group>"; };
		3A50FDB62CAACEC100F0E531 /* ListMapperDTO.swift */ = {isa = PBXFileReference; lastKnownFileType = sourcecode.swift; path = ListMapperDTO.swift; sourceTree = "<group>"; };
		3A50FDB82CAAD97C00F0E531 /* ListURLComponentsCreator.swift */ = {isa = PBXFileReference; lastKnownFileType = sourcecode.swift; path = ListURLComponentsCreator.swift; sourceTree = "<group>"; };
		3A50FDBA2CAAD9A700F0E531 /* QueryCreatorType.swift */ = {isa = PBXFileReference; lastKnownFileType = sourcecode.swift; path = QueryCreatorType.swift; sourceTree = "<group>"; };
		3A50FDBC2CAADA0100F0E531 /* Credentials.swift */ = {isa = PBXFileReference; lastKnownFileType = sourcecode.swift; path = Credentials.swift; sourceTree = "<group>"; };
		3A50FDBF2CAADA4E00F0E531 /* AppPlist.swift */ = {isa = PBXFileReference; lastKnownFileType = sourcecode.swift; path = AppPlist.swift; sourceTree = "<group>"; };
		3A50FDC12CAADA8800F0E531 /* PlistAssembler.swift */ = {isa = PBXFileReference; lastKnownFileType = sourcecode.swift; path = PlistAssembler.swift; sourceTree = "<group>"; };
		3A50FDC32CAADADE00F0E531 /* URLRequestHeader.swift */ = {isa = PBXFileReference; fileEncoding = 4; lastKnownFileType = sourcecode.swift; path = URLRequestHeader.swift; sourceTree = "<group>"; };
		3A50FDC52CAADB5500F0E531 /* AppVersionHeader.swift */ = {isa = PBXFileReference; fileEncoding = 4; lastKnownFileType = sourcecode.swift; path = AppVersionHeader.swift; sourceTree = "<group>"; };
		3A50FDC72CAADB8E00F0E531 /* BasicAuthHeader.swift */ = {isa = PBXFileReference; fileEncoding = 4; lastKnownFileType = sourcecode.swift; path = BasicAuthHeader.swift; sourceTree = "<group>"; };
		3A50FDCA2CAADD2A00F0E531 /* ListDataSourceParams.swift */ = {isa = PBXFileReference; lastKnownFileType = sourcecode.swift; path = ListDataSourceParams.swift; sourceTree = "<group>"; };
		3A50FDCD2CAAF12700F0E531 /* ListMockDTO.swift */ = {isa = PBXFileReference; lastKnownFileType = sourcecode.swift; path = ListMockDTO.swift; sourceTree = "<group>"; };
		B77FBD862CBA67FB000447A8 /* ListRepository.swift */ = {isa = PBXFileReference; lastKnownFileType = sourcecode.swift; path = ListRepository.swift; sourceTree = "<group>"; };
		B77FBD8E2CBA71E6000447A8 /* ListUseCase.swift */ = {isa = PBXFileReference; lastKnownFileType = sourcecode.swift; path = ListUseCase.swift; sourceTree = "<group>"; };
/* End PBXFileReference section */

/* Begin PBXFrameworksBuildPhase section */
		3A477A022CA9B62E00F2762D /* Frameworks */ = {
			isa = PBXFrameworksBuildPhase;
			buildActionMask = 2147483647;
			files = (
			);
			runOnlyForDeploymentPostprocessing = 0;
		};
/* End PBXFrameworksBuildPhase section */

/* Begin PBXGroup section */
		3A4779FC2CA9B62E00F2762D = {
			isa = PBXGroup;
			children = (
				3A477A072CA9B62E00F2762D /* Arquitectura */,
				3A477A062CA9B62E00F2762D /* Products */,
			);
			sourceTree = "<group>";
		};
		3A477A062CA9B62E00F2762D /* Products */ = {
			isa = PBXGroup;
			children = (
				3A477A052CA9B62E00F2762D /* Arquitectura.app */,
			);
			name = Products;
			sourceTree = "<group>";
		};
		3A477A072CA9B62E00F2762D /* Arquitectura */ = {
			isa = PBXGroup;
			children = (
				3A477A082CA9B62E00F2762D /* ArquitecturaApp.swift */,
				B77FBD932CBBC01C000447A8 /* List */,
				B77FBD902CBA7332000447A8 /* Infra-Network */,
				B77FBD8B2CBA6A09000447A8 /* Mocks */,
				3A477A0C2CA9B63200F2762D /* Assets.xcassets */,
				3A477A0E2CA9B63200F2762D /* Preview Content */,
			);
			path = Arquitectura;
			sourceTree = "<group>";
		};
		3A477A0E2CA9B63200F2762D /* Preview Content */ = {
			isa = PBXGroup;
			children = (
				3A477A0F2CA9B63200F2762D /* Preview Assets.xcassets */,
			);
			path = "Preview Content";
			sourceTree = "<group>";
		};
		3A50FDBE2CAADA3200F0E531 /* Environment */ = {
			isa = PBXGroup;
			children = (
				3A50FDBF2CAADA4E00F0E531 /* AppPlist.swift */,
				3A50FDC12CAADA8800F0E531 /* PlistAssembler.swift */,
			);
			path = Environment;
			sourceTree = "<group>";
		};
		B77FBD7D2CBA6490000447A8 /* Presentation */ = {
			isa = PBXGroup;
			children = (
				B77FBD802CBA65A3000447A8 /* List */,
			);
			path = Presentation;
			sourceTree = "<group>";
		};
		B77FBD7E2CBA64BA000447A8 /* Domain */ = {
			isa = PBXGroup;
			children = (
				B77FBD832CBA66F5000447A8 /* Entities */,
				B77FBD852CBA67AA000447A8 /* Repositories */,
				B77FBD8D2CBA719F000447A8 /* Use Cases */,
			);
			path = Domain;
			sourceTree = "<group>";
		};
		B77FBD7F2CBA64C8000447A8 /* Data */ = {
			isa = PBXGroup;
			children = (
				B77FBD922CBA7401000447A8 /* List */,
			);
			path = Data;
			sourceTree = "<group>";
		};
		B77FBD802CBA65A3000447A8 /* List */ = {
			isa = PBXGroup;
			children = (
				3A477A192CA9B75400F2762D /* ListAssembler.swift */,
				3A50FD9B2CAAB5EA00F0E531 /* ListRouter.swift */,
				B77FBD812CBA65B2000447A8 /* View */,
				B77FBD822CBA65B6000447A8 /* ViewModel */,
			);
			path = List;
			sourceTree = "<group>";
		};
		B77FBD812CBA65B2000447A8 /* View */ = {
			isa = PBXGroup;
			children = (
				3A50FD952CAAB53F00F0E531 /* ListView.swift */,
				3A50FDA92CAAC8A400F0E531 /* ListContentView.swift */,
			);
			path = View;
			sourceTree = "<group>";
		};
		B77FBD822CBA65B6000447A8 /* ViewModel */ = {
			isa = PBXGroup;
			children = (
				3A50FD972CAAB57300F0E531 /* ListViewModel.swift */,
				3A50FDA72CAAC5C700F0E531 /* ListState.swift */,
			);
			path = ViewModel;
			sourceTree = "<group>";
		};
		B77FBD832CBA66F5000447A8 /* Entities */ = {
			isa = PBXGroup;
			children = (
				3A50FD9F2CAABCCA00F0E531 /* ListItem.swift */,
			);
			path = Entities;
			sourceTree = "<group>";
		};
		B77FBD842CBA6796000447A8 /* Network */ = {
			isa = PBXGroup;
			children = (
				3A50FDB82CAAD97C00F0E531 /* ListURLComponentsCreator.swift */,
				B77FBD8C2CBA6F67000447A8 /* Datasources */,
				B77FBD8A2CBA68A7000447A8 /* Mappers */,
				B77FBD892CBA6885000447A8 /* DTOs */,
			);
			path = Network;
			sourceTree = "<group>";
		};
		B77FBD852CBA67AA000447A8 /* Repositories */ = {
			isa = PBXGroup;
			children = (
				B77FBD862CBA67FB000447A8 /* ListRepository.swift */,
			);
			path = Repositories;
			sourceTree = "<group>";
		};
		B77FBD882CBA684B000447A8 /* Repositories */ = {
			isa = PBXGroup;
			children = (
				3A50FD9D2CAABC5000F0E531 /* ListRepositoryImpl.swift */,
			);
			path = Repositories;
			sourceTree = "<group>";
		};
		B77FBD892CBA6885000447A8 /* DTOs */ = {
			isa = PBXGroup;
			children = (
				3A50FDB42CAACE4200F0E531 /* ListItemDTO.swift */,
			);
			path = DTOs;
			sourceTree = "<group>";
		};
		B77FBD8A2CBA68A7000447A8 /* Mappers */ = {
			isa = PBXGroup;
			children = (
				3A50FDB62CAACEC100F0E531 /* ListMapperDTO.swift */,
			);
			path = Mappers;
			sourceTree = "<group>";
		};
		B77FBD8B2CBA6A09000447A8 /* Mocks */ = {
			isa = PBXGroup;
			children = (
				3A50FDCD2CAAF12700F0E531 /* ListMockDTO.swift */,
			);
			path = Mocks;
			sourceTree = "<group>";
		};
		B77FBD8C2CBA6F67000447A8 /* Datasources */ = {
			isa = PBXGroup;
			children = (
				3A50FDA32CAAC41500F0E531 /* ListLocalDatasource.swift */,
				3A50FDA12CAAC37000F0E531 /* ListRemoteDatasource.swift */,
				3A50FDA52CAAC42200F0E531 /* ListDatasource.swift */,
				3A50FDCA2CAADD2A00F0E531 /* ListDataSourceParams.swift */,
			);
			path = Datasources;
			sourceTree = "<group>";
		};
		B77FBD8D2CBA719F000447A8 /* Use Cases */ = {
			isa = PBXGroup;
			children = (
				B77FBD8E2CBA71E6000447A8 /* ListUseCase.swift */,
				3A50FD992CAAB5DA00F0E531 /* ListUseCaseImpl.swift */,
			);
			path = "Use Cases";
			sourceTree = "<group>";
		};
		B77FBD902CBA7332000447A8 /* Infra-Network */ = {
			isa = PBXGroup;
			children = (
				3A50FDBE2CAADA3200F0E531 /* Environment */,
				3A50FDC72CAADB8E00F0E531 /* BasicAuthHeader.swift */,
				3A50FDBA2CAAD9A700F0E531 /* QueryCreatorType.swift */,
				3A50FDC32CAADADE00F0E531 /* URLRequestHeader.swift */,
				3A50FDAE2CAACCD200F0E531 /* APIClient.swift */,
				3A50FDB02CAACD0D00F0E531 /* APIError.swift */,
				3A50FDAB2CAACC4000F0E531 /* Endpoints.swift */,
				3A50FDB22CAACD8100F0E531 /* APIResponse.swift */,
				3A50FDC52CAADB5500F0E531 /* AppVersionHeader.swift */,
				3A50FDBC2CAADA0100F0E531 /* Credentials.swift */,
			);
			path = "Infra-Network";
			sourceTree = "<group>";
		};
		B77FBD922CBA7401000447A8 /* List */ = {
			isa = PBXGroup;
			children = (
				B77FBD842CBA6796000447A8 /* Network */,
				B77FBD882CBA684B000447A8 /* Repositories */,
			);
			path = List;
			sourceTree = "<group>";
		};
		B77FBD932CBBC01C000447A8 /* List */ = {
			isa = PBXGroup;
			children = (
				B77FBD7F2CBA64C8000447A8 /* Data */,
				B77FBD7E2CBA64BA000447A8 /* Domain */,
				B77FBD7D2CBA6490000447A8 /* Presentation */,
			);
			path = List;
			sourceTree = "<group>";
		};
/* End PBXGroup section */

/* Begin PBXNativeTarget section */
		3A477A042CA9B62E00F2762D /* Arquitectura */ = {
			isa = PBXNativeTarget;
			buildConfigurationList = 3A477A132CA9B63200F2762D /* Build configuration list for PBXNativeTarget "Arquitectura" */;
			buildPhases = (
				3A477A012CA9B62E00F2762D /* Sources */,
				3A477A022CA9B62E00F2762D /* Frameworks */,
				3A477A032CA9B62E00F2762D /* Resources */,
			);
			buildRules = (
			);
			dependencies = (
			);
			name = Arquitectura;
			productName = Arquitectura;
			productReference = 3A477A052CA9B62E00F2762D /* Arquitectura.app */;
			productType = "com.apple.product-type.application";
		};
/* End PBXNativeTarget section */

/* Begin PBXProject section */
		3A4779FD2CA9B62E00F2762D /* Project object */ = {
			isa = PBXProject;
			attributes = {
				BuildIndependentTargetsInParallel = 1;
				LastSwiftUpdateCheck = 1540;
				LastUpgradeCheck = 1540;
				TargetAttributes = {
					3A477A042CA9B62E00F2762D = {
						CreatedOnToolsVersion = 15.4;
					};
				};
			};
			buildConfigurationList = 3A477A002CA9B62E00F2762D /* Build configuration list for PBXProject "Arquitectura" */;
			compatibilityVersion = "Xcode 14.0";
			developmentRegion = en;
			hasScannedForEncodings = 0;
			knownRegions = (
				en,
				Base,
			);
			mainGroup = 3A4779FC2CA9B62E00F2762D;
			productRefGroup = 3A477A062CA9B62E00F2762D /* Products */;
			projectDirPath = "";
			projectRoot = "";
			targets = (
				3A477A042CA9B62E00F2762D /* Arquitectura */,
			);
		};
/* End PBXProject section */

/* Begin PBXResourcesBuildPhase section */
		3A477A032CA9B62E00F2762D /* Resources */ = {
			isa = PBXResourcesBuildPhase;
			buildActionMask = 2147483647;
			files = (
				3A477A102CA9B63200F2762D /* Preview Assets.xcassets in Resources */,
				3A477A0D2CA9B63200F2762D /* Assets.xcassets in Resources */,
			);
			runOnlyForDeploymentPostprocessing = 0;
		};
/* End PBXResourcesBuildPhase section */

/* Begin PBXSourcesBuildPhase section */
		3A477A012CA9B62E00F2762D /* Sources */ = {
			isa = PBXSourcesBuildPhase;
			buildActionMask = 2147483647;
			files = (
				3A50FDA22CAAC37000F0E531 /* ListRemoteDatasource.swift in Sources */,
				3A50FDC22CAADA8800F0E531 /* PlistAssembler.swift in Sources */,
				3A50FDCE2CAAF12700F0E531 /* ListMockDTO.swift in Sources */,
				3A50FD982CAAB57300F0E531 /* ListViewModel.swift in Sources */,
				3A50FDA62CAAC42200F0E531 /* ListDatasource.swift in Sources */,
				3A50FD9C2CAAB5EA00F0E531 /* ListRouter.swift in Sources */,
				3A50FD9A2CAAB5DA00F0E531 /* ListUseCaseImpl.swift in Sources */,
				B77FBD872CBA6803000447A8 /* ListRepository.swift in Sources */,
				B77FBD8F2CBA71EC000447A8 /* ListUseCase.swift in Sources */,
				3A50FDB32CAACD8100F0E531 /* APIResponse.swift in Sources */,
				3A50FDB52CAACE4200F0E531 /* ListItemDTO.swift in Sources */,
				3A50FDA42CAAC41500F0E531 /* ListLocalDatasource.swift in Sources */,
				3A50FD962CAAB53F00F0E531 /* ListView.swift in Sources */,
				3A50FDB72CAACEC100F0E531 /* ListMapperDTO.swift in Sources */,
				3A50FDA02CAABCCA00F0E531 /* ListItem.swift in Sources */,
				3A50FDCB2CAADD2A00F0E531 /* ListDataSourceParams.swift in Sources */,
				3A50FDAF2CAACCD200F0E531 /* APIClient.swift in Sources */,
				3A50FDC82CAADB8E00F0E531 /* BasicAuthHeader.swift in Sources */,
				3A50FDAA2CAAC8A400F0E531 /* ListContentView.swift in Sources */,
				3A477A092CA9B62E00F2762D /* ArquitecturaApp.swift in Sources */,
				3A50FDBD2CAADA0100F0E531 /* Credentials.swift in Sources */,
				3A50FDAC2CAACC4000F0E531 /* Endpoints.swift in Sources */,
				3A50FDC02CAADA4E00F0E531 /* AppPlist.swift in Sources */,
				3A50FD9E2CAABC5000F0E531 /* ListRepositoryImpl.swift in Sources */,
				3A50FDC62CAADB5500F0E531 /* AppVersionHeader.swift in Sources */,
				3A50FDB12CAACD0D00F0E531 /* APIError.swift in Sources */,
				3A477A1A2CA9B75400F2762D /* ListAssembler.swift in Sources */,
				3A50FDC42CAADADE00F0E531 /* URLRequestHeader.swift in Sources */,
				3A50FDBB2CAAD9A700F0E531 /* QueryCreatorType.swift in Sources */,
				3A50FDB92CAAD97C00F0E531 /* ListURLComponentsCreator.swift in Sources */,
				3A50FDA82CAAC5C700F0E531 /* ListState.swift in Sources */,
			);
			runOnlyForDeploymentPostprocessing = 0;
		};
/* End PBXSourcesBuildPhase section */

/* Begin XCBuildConfiguration section */
		3A477A112CA9B63200F2762D /* Debug */ = {
			isa = XCBuildConfiguration;
			buildSettings = {
				ALWAYS_SEARCH_USER_PATHS = NO;
				ASSETCATALOG_COMPILER_GENERATE_SWIFT_ASSET_SYMBOL_EXTENSIONS = YES;
				CLANG_ANALYZER_NONNULL = YES;
				CLANG_ANALYZER_NUMBER_OBJECT_CONVERSION = YES_AGGRESSIVE;
				CLANG_CXX_LANGUAGE_STANDARD = "gnu++20";
				CLANG_ENABLE_MODULES = YES;
				CLANG_ENABLE_OBJC_ARC = YES;
				CLANG_ENABLE_OBJC_WEAK = YES;
				CLANG_WARN_BLOCK_CAPTURE_AUTORELEASING = YES;
				CLANG_WARN_BOOL_CONVERSION = YES;
				CLANG_WARN_COMMA = YES;
				CLANG_WARN_CONSTANT_CONVERSION = YES;
				CLANG_WARN_DEPRECATED_OBJC_IMPLEMENTATIONS = YES;
				CLANG_WARN_DIRECT_OBJC_ISA_USAGE = YES_ERROR;
				CLANG_WARN_DOCUMENTATION_COMMENTS = YES;
				CLANG_WARN_EMPTY_BODY = YES;
				CLANG_WARN_ENUM_CONVERSION = YES;
				CLANG_WARN_INFINITE_RECURSION = YES;
				CLANG_WARN_INT_CONVERSION = YES;
				CLANG_WARN_NON_LITERAL_NULL_CONVERSION = YES;
				CLANG_WARN_OBJC_IMPLICIT_RETAIN_SELF = YES;
				CLANG_WARN_OBJC_LITERAL_CONVERSION = YES;
				CLANG_WARN_OBJC_ROOT_CLASS = YES_ERROR;
				CLANG_WARN_QUOTED_INCLUDE_IN_FRAMEWORK_HEADER = YES;
				CLANG_WARN_RANGE_LOOP_ANALYSIS = YES;
				CLANG_WARN_STRICT_PROTOTYPES = YES;
				CLANG_WARN_SUSPICIOUS_MOVE = YES;
				CLANG_WARN_UNGUARDED_AVAILABILITY = YES_AGGRESSIVE;
				CLANG_WARN_UNREACHABLE_CODE = YES;
				CLANG_WARN__DUPLICATE_METHOD_MATCH = YES;
				COPY_PHASE_STRIP = NO;
				DEBUG_INFORMATION_FORMAT = dwarf;
				ENABLE_STRICT_OBJC_MSGSEND = YES;
				ENABLE_TESTABILITY = YES;
				ENABLE_USER_SCRIPT_SANDBOXING = YES;
				GCC_C_LANGUAGE_STANDARD = gnu17;
				GCC_DYNAMIC_NO_PIC = NO;
				GCC_NO_COMMON_BLOCKS = YES;
				GCC_OPTIMIZATION_LEVEL = 0;
				GCC_PREPROCESSOR_DEFINITIONS = (
					"DEBUG=1",
					"$(inherited)",
				);
				GCC_WARN_64_TO_32_BIT_CONVERSION = YES;
				GCC_WARN_ABOUT_RETURN_TYPE = YES_ERROR;
				GCC_WARN_UNDECLARED_SELECTOR = YES;
				GCC_WARN_UNINITIALIZED_AUTOS = YES_AGGRESSIVE;
				GCC_WARN_UNUSED_FUNCTION = YES;
				GCC_WARN_UNUSED_VARIABLE = YES;
				IPHONEOS_DEPLOYMENT_TARGET = 17.5;
				LOCALIZATION_PREFERS_STRING_CATALOGS = YES;
				MTL_ENABLE_DEBUG_INFO = INCLUDE_SOURCE;
				MTL_FAST_MATH = YES;
				ONLY_ACTIVE_ARCH = YES;
				SDKROOT = iphoneos;
				SWIFT_ACTIVE_COMPILATION_CONDITIONS = "DEBUG $(inherited)";
				SWIFT_OPTIMIZATION_LEVEL = "-Onone";
			};
			name = Debug;
		};
		3A477A122CA9B63200F2762D /* Release */ = {
			isa = XCBuildConfiguration;
			buildSettings = {
				ALWAYS_SEARCH_USER_PATHS = NO;
				ASSETCATALOG_COMPILER_GENERATE_SWIFT_ASSET_SYMBOL_EXTENSIONS = YES;
				CLANG_ANALYZER_NONNULL = YES;
				CLANG_ANALYZER_NUMBER_OBJECT_CONVERSION = YES_AGGRESSIVE;
				CLANG_CXX_LANGUAGE_STANDARD = "gnu++20";
				CLANG_ENABLE_MODULES = YES;
				CLANG_ENABLE_OBJC_ARC = YES;
				CLANG_ENABLE_OBJC_WEAK = YES;
				CLANG_WARN_BLOCK_CAPTURE_AUTORELEASING = YES;
				CLANG_WARN_BOOL_CONVERSION = YES;
				CLANG_WARN_COMMA = YES;
				CLANG_WARN_CONSTANT_CONVERSION = YES;
				CLANG_WARN_DEPRECATED_OBJC_IMPLEMENTATIONS = YES;
				CLANG_WARN_DIRECT_OBJC_ISA_USAGE = YES_ERROR;
				CLANG_WARN_DOCUMENTATION_COMMENTS = YES;
				CLANG_WARN_EMPTY_BODY = YES;
				CLANG_WARN_ENUM_CONVERSION = YES;
				CLANG_WARN_INFINITE_RECURSION = YES;
				CLANG_WARN_INT_CONVERSION = YES;
				CLANG_WARN_NON_LITERAL_NULL_CONVERSION = YES;
				CLANG_WARN_OBJC_IMPLICIT_RETAIN_SELF = YES;
				CLANG_WARN_OBJC_LITERAL_CONVERSION = YES;
				CLANG_WARN_OBJC_ROOT_CLASS = YES_ERROR;
				CLANG_WARN_QUOTED_INCLUDE_IN_FRAMEWORK_HEADER = YES;
				CLANG_WARN_RANGE_LOOP_ANALYSIS = YES;
				CLANG_WARN_STRICT_PROTOTYPES = YES;
				CLANG_WARN_SUSPICIOUS_MOVE = YES;
				CLANG_WARN_UNGUARDED_AVAILABILITY = YES_AGGRESSIVE;
				CLANG_WARN_UNREACHABLE_CODE = YES;
				CLANG_WARN__DUPLICATE_METHOD_MATCH = YES;
				COPY_PHASE_STRIP = NO;
				DEBUG_INFORMATION_FORMAT = "dwarf-with-dsym";
				ENABLE_NS_ASSERTIONS = NO;
				ENABLE_STRICT_OBJC_MSGSEND = YES;
				ENABLE_USER_SCRIPT_SANDBOXING = YES;
				GCC_C_LANGUAGE_STANDARD = gnu17;
				GCC_NO_COMMON_BLOCKS = YES;
				GCC_WARN_64_TO_32_BIT_CONVERSION = YES;
				GCC_WARN_ABOUT_RETURN_TYPE = YES_ERROR;
				GCC_WARN_UNDECLARED_SELECTOR = YES;
				GCC_WARN_UNINITIALIZED_AUTOS = YES_AGGRESSIVE;
				GCC_WARN_UNUSED_FUNCTION = YES;
				GCC_WARN_UNUSED_VARIABLE = YES;
				IPHONEOS_DEPLOYMENT_TARGET = 17.5;
				LOCALIZATION_PREFERS_STRING_CATALOGS = YES;
				MTL_ENABLE_DEBUG_INFO = NO;
				MTL_FAST_MATH = YES;
				SDKROOT = iphoneos;
				SWIFT_COMPILATION_MODE = wholemodule;
				VALIDATE_PRODUCT = YES;
			};
			name = Release;
		};
		3A477A142CA9B63200F2762D /* Debug */ = {
			isa = XCBuildConfiguration;
			buildSettings = {
				ASSETCATALOG_COMPILER_APPICON_NAME = AppIcon;
				ASSETCATALOG_COMPILER_GLOBAL_ACCENT_COLOR_NAME = AccentColor;
				CODE_SIGN_STYLE = Automatic;
				CURRENT_PROJECT_VERSION = 1;
				DEVELOPMENT_ASSET_PATHS = "\"Arquitectura/Preview Content\"";
				DEVELOPMENT_TEAM = KP75R3929K;
				ENABLE_PREVIEWS = YES;
				GENERATE_INFOPLIST_FILE = YES;
				INFOPLIST_KEY_UIApplicationSceneManifest_Generation = YES;
				INFOPLIST_KEY_UIApplicationSupportsIndirectInputEvents = YES;
				INFOPLIST_KEY_UILaunchScreen_Generation = YES;
				INFOPLIST_KEY_UISupportedInterfaceOrientations_iPad = "UIInterfaceOrientationPortrait UIInterfaceOrientationPortraitUpsideDown UIInterfaceOrientationLandscapeLeft UIInterfaceOrientationLandscapeRight";
				INFOPLIST_KEY_UISupportedInterfaceOrientations_iPhone = "UIInterfaceOrientationPortrait UIInterfaceOrientationLandscapeLeft UIInterfaceOrientationLandscapeRight";
				LD_RUNPATH_SEARCH_PATHS = (
					"$(inherited)",
					"@executable_path/Frameworks",
				);
				MARKETING_VERSION = 1.0;
				PRODUCT_BUNDLE_IDENTIFIER = com.test.Arquitectura;
				PRODUCT_NAME = "$(TARGET_NAME)";
				SWIFT_EMIT_LOC_STRINGS = YES;
				SWIFT_VERSION = 5.0;
				TARGETED_DEVICE_FAMILY = "1,2";
			};
			name = Debug;
		};
		3A477A152CA9B63200F2762D /* Release */ = {
			isa = XCBuildConfiguration;
			buildSettings = {
				ASSETCATALOG_COMPILER_APPICON_NAME = AppIcon;
				ASSETCATALOG_COMPILER_GLOBAL_ACCENT_COLOR_NAME = AccentColor;
				CODE_SIGN_STYLE = Automatic;
				CURRENT_PROJECT_VERSION = 1;
				DEVELOPMENT_ASSET_PATHS = "\"Arquitectura/Preview Content\"";
				DEVELOPMENT_TEAM = KP75R3929K;
				ENABLE_PREVIEWS = YES;
				GENERATE_INFOPLIST_FILE = YES;
				INFOPLIST_KEY_UIApplicationSceneManifest_Generation = YES;
				INFOPLIST_KEY_UIApplicationSupportsIndirectInputEvents = YES;
				INFOPLIST_KEY_UILaunchScreen_Generation = YES;
				INFOPLIST_KEY_UISupportedInterfaceOrientations_iPad = "UIInterfaceOrientationPortrait UIInterfaceOrientationPortraitUpsideDown UIInterfaceOrientationLandscapeLeft UIInterfaceOrientationLandscapeRight";
				INFOPLIST_KEY_UISupportedInterfaceOrientations_iPhone = "UIInterfaceOrientationPortrait UIInterfaceOrientationLandscapeLeft UIInterfaceOrientationLandscapeRight";
				LD_RUNPATH_SEARCH_PATHS = (
					"$(inherited)",
					"@executable_path/Frameworks",
				);
				MARKETING_VERSION = 1.0;
				PRODUCT_BUNDLE_IDENTIFIER = com.test.Arquitectura;
				PRODUCT_NAME = "$(TARGET_NAME)";
				SWIFT_EMIT_LOC_STRINGS = YES;
				SWIFT_VERSION = 5.0;
				TARGETED_DEVICE_FAMILY = "1,2";
			};
			name = Release;
		};
/* End XCBuildConfiguration section */

/* Begin XCConfigurationList section */
		3A477A002CA9B62E00F2762D /* Build configuration list for PBXProject "Arquitectura" */ = {
			isa = XCConfigurationList;
			buildConfigurations = (
				3A477A112CA9B63200F2762D /* Debug */,
				3A477A122CA9B63200F2762D /* Release */,
			);
			defaultConfigurationIsVisible = 0;
			defaultConfigurationName = Release;
		};
		3A477A132CA9B63200F2762D /* Build configuration list for PBXNativeTarget "Arquitectura" */ = {
			isa = XCConfigurationList;
			buildConfigurations = (
				3A477A142CA9B63200F2762D /* Debug */,
				3A477A152CA9B63200F2762D /* Release */,
			);
			defaultConfigurationIsVisible = 0;
			defaultConfigurationName = Release;
		};
/* End XCConfigurationList section */
	};
	rootObject = 3A4779FD2CA9B62E00F2762D /* Project object */;
}
